// !$*UTF8*$!
{
	archiveVersion = 1;
	classes = {
	};
	objectVersion = 46;
	objects = {

/* Begin PBXBuildFile section */
		CEF7C1811AB3791500C046D2 /* AppDelegate.swift in Sources */ = {isa = PBXBuildFile; fileRef = CEF7C1801AB3791500C046D2 /* AppDelegate.swift */; };
		CEF7C1831AB3791500C046D2 /* MasterViewController.swift in Sources */ = {isa = PBXBuildFile; fileRef = CEF7C1821AB3791500C046D2 /* MasterViewController.swift */; };
		CEF7C1851AB3791500C046D2 /* DetailViewController.swift in Sources */ = {isa = PBXBuildFile; fileRef = CEF7C1841AB3791500C046D2 /* DetailViewController.swift */; };
		CEF7C1881AB3791500C046D2 /* Main.storyboard in Resources */ = {isa = PBXBuildFile; fileRef = CEF7C1861AB3791500C046D2 /* Main.storyboard */; };
		CEF7C18A1AB3791500C046D2 /* Images.xcassets in Resources */ = {isa = PBXBuildFile; fileRef = CEF7C1891AB3791500C046D2 /* Images.xcassets */; };
		CEF7C18D1AB3791500C046D2 /* LaunchScreen.xib in Resources */ = {isa = PBXBuildFile; fileRef = CEF7C18B1AB3791500C046D2 /* LaunchScreen.xib */; };
		CEF7C1991AB3791500C046D2 /* CocardeTests.swift in Sources */ = {isa = PBXBuildFile; fileRef = CEF7C1981AB3791500C046D2 /* CocardeTests.swift */; };
		CEF7C1A91AB379E500C046D2 /* CocardeLayer.swift in Sources */ = {isa = PBXBuildFile; fileRef = CEF7C1A31AB379E500C046D2 /* CocardeLayer.swift */; };
		CEF7C1AA1AB379E500C046D2 /* CocardeView.swift in Sources */ = {isa = PBXBuildFile; fileRef = CEF7C1A41AB379E500C046D2 /* CocardeView.swift */; };
		CEF7C1AB1AB379E500C046D2 /* DefaultLayer.swift in Sources */ = {isa = PBXBuildFile; fileRef = CEF7C1A51AB379E500C046D2 /* DefaultLayer.swift */; };
		CEF7C1AC1AB379E500C046D2 /* EqualizerLayer.swift in Sources */ = {isa = PBXBuildFile; fileRef = CEF7C1A61AB379E500C046D2 /* EqualizerLayer.swift */; };
		CEF7C1AD1AB379E500C046D2 /* PieLayer.swift in Sources */ = {isa = PBXBuildFile; fileRef = CEF7C1A71AB379E500C046D2 /* PieLayer.swift */; };
		CEF7C1AE1AB379E500C046D2 /* UIColor.swift in Sources */ = {isa = PBXBuildFile; fileRef = CEF7C1A81AB379E500C046D2 /* UIColor.swift */; };
/* End PBXBuildFile section */

/* Begin PBXContainerItemProxy section */
		CEF7C1931AB3791500C046D2 /* PBXContainerItemProxy */ = {
			isa = PBXContainerItemProxy;
			containerPortal = CEF7C1731AB3791400C046D2 /* Project object */;
			proxyType = 1;
			remoteGlobalIDString = CEF7C17A1AB3791500C046D2;
			remoteInfo = Cocarde;
		};
/* End PBXContainerItemProxy section */

/* Begin PBXFileReference section */
		CEF7C17B1AB3791500C046D2 /* Cocarde.app */ = {isa = PBXFileReference; explicitFileType = wrapper.application; includeInIndex = 0; path = Cocarde.app; sourceTree = BUILT_PRODUCTS_DIR; };
		CEF7C17F1AB3791500C046D2 /* Info.plist */ = {isa = PBXFileReference; lastKnownFileType = text.plist.xml; path = Info.plist; sourceTree = "<group>"; };
		CEF7C1801AB3791500C046D2 /* AppDelegate.swift */ = {isa = PBXFileReference; lastKnownFileType = sourcecode.swift; path = AppDelegate.swift; sourceTree = "<group>"; };
		CEF7C1821AB3791500C046D2 /* MasterViewController.swift */ = {isa = PBXFileReference; lastKnownFileType = sourcecode.swift; path = MasterViewController.swift; sourceTree = "<group>"; };
		CEF7C1841AB3791500C046D2 /* DetailViewController.swift */ = {isa = PBXFileReference; lastKnownFileType = sourcecode.swift; path = DetailViewController.swift; sourceTree = "<group>"; };
		CEF7C1871AB3791500C046D2 /* Base */ = {isa = PBXFileReference; lastKnownFileType = file.storyboard; name = Base; path = Base.lproj/Main.storyboard; sourceTree = "<group>"; };
		CEF7C1891AB3791500C046D2 /* Images.xcassets */ = {isa = PBXFileReference; lastKnownFileType = folder.assetcatalog; path = Images.xcassets; sourceTree = "<group>"; };
		CEF7C18C1AB3791500C046D2 /* Base */ = {isa = PBXFileReference; lastKnownFileType = file.xib; name = Base; path = Base.lproj/LaunchScreen.xib; sourceTree = "<group>"; };
		CEF7C1921AB3791500C046D2 /* CocardeTests.xctest */ = {isa = PBXFileReference; explicitFileType = wrapper.cfbundle; includeInIndex = 0; path = CocardeTests.xctest; sourceTree = BUILT_PRODUCTS_DIR; };
		CEF7C1971AB3791500C046D2 /* Info.plist */ = {isa = PBXFileReference; lastKnownFileType = text.plist.xml; path = Info.plist; sourceTree = "<group>"; };
		CEF7C1981AB3791500C046D2 /* CocardeTests.swift */ = {isa = PBXFileReference; lastKnownFileType = sourcecode.swift; path = CocardeTests.swift; sourceTree = "<group>"; };
		CEF7C1A31AB379E500C046D2 /* CocardeLayer.swift */ = {isa = PBXFileReference; fileEncoding = 4; lastKnownFileType = sourcecode.swift; path = CocardeLayer.swift; sourceTree = "<group>"; };
		CEF7C1A41AB379E500C046D2 /* CocardeView.swift */ = {isa = PBXFileReference; fileEncoding = 4; lastKnownFileType = sourcecode.swift; path = CocardeView.swift; sourceTree = "<group>"; };
		CEF7C1A51AB379E500C046D2 /* DefaultLayer.swift */ = {isa = PBXFileReference; fileEncoding = 4; lastKnownFileType = sourcecode.swift; path = DefaultLayer.swift; sourceTree = "<group>"; };
		CEF7C1A61AB379E500C046D2 /* EqualizerLayer.swift */ = {isa = PBXFileReference; fileEncoding = 4; lastKnownFileType = sourcecode.swift; path = EqualizerLayer.swift; sourceTree = "<group>"; };
		CEF7C1A71AB379E500C046D2 /* PieLayer.swift */ = {isa = PBXFileReference; fileEncoding = 4; lastKnownFileType = sourcecode.swift; path = PieLayer.swift; sourceTree = "<group>"; };
		CEF7C1A81AB379E500C046D2 /* UIColor.swift */ = {isa = PBXFileReference; fileEncoding = 4; lastKnownFileType = sourcecode.swift; path = UIColor.swift; sourceTree = "<group>"; };
/* End PBXFileReference section */

/* Begin PBXFrameworksBuildPhase section */
		CEF7C1781AB3791500C046D2 /* Frameworks */ = {
			isa = PBXFrameworksBuildPhase;
			buildActionMask = 2147483647;
			files = (
			);
			runOnlyForDeploymentPostprocessing = 0;
		};
		CEF7C18F1AB3791500C046D2 /* Frameworks */ = {
			isa = PBXFrameworksBuildPhase;
			buildActionMask = 2147483647;
			files = (
			);
			runOnlyForDeploymentPostprocessing = 0;
		};
/* End PBXFrameworksBuildPhase section */

/* Begin PBXGroup section */
		CEF7C1721AB3791400C046D2 = {
			isa = PBXGroup;
			children = (
				CEF7C1A21AB379E500C046D2 /* Cocarde */,
				CEF7C17D1AB3791500C046D2 /* Cocarde */,
				CEF7C1951AB3791500C046D2 /* CocardeTests */,
				CEF7C17C1AB3791500C046D2 /* Products */,
			);
			sourceTree = "<group>";
		};
		CEF7C17C1AB3791500C046D2 /* Products */ = {
			isa = PBXGroup;
			children = (
				CEF7C17B1AB3791500C046D2 /* Cocarde.app */,
				CEF7C1921AB3791500C046D2 /* CocardeTests.xctest */,
			);
			name = Products;
			sourceTree = "<group>";
		};
		CEF7C17D1AB3791500C046D2 /* Cocarde */ = {
			isa = PBXGroup;
			children = (
				CEF7C1801AB3791500C046D2 /* AppDelegate.swift */,
				CEF7C1821AB3791500C046D2 /* MasterViewController.swift */,
				CEF7C1841AB3791500C046D2 /* DetailViewController.swift */,
				CEF7C1861AB3791500C046D2 /* Main.storyboard */,
				CEF7C1891AB3791500C046D2 /* Images.xcassets */,
				CEF7C18B1AB3791500C046D2 /* LaunchScreen.xib */,
				CEF7C17E1AB3791500C046D2 /* Supporting Files */,
			);
			path = Cocarde;
			sourceTree = "<group>";
		};
		CEF7C17E1AB3791500C046D2 /* Supporting Files */ = {
			isa = PBXGroup;
			children = (
				CEF7C17F1AB3791500C046D2 /* Info.plist */,
			);
			name = "Supporting Files";
			sourceTree = "<group>";
		};
		CEF7C1951AB3791500C046D2 /* CocardeTests */ = {
			isa = PBXGroup;
			children = (
				CEF7C1981AB3791500C046D2 /* CocardeTests.swift */,
				CEF7C1961AB3791500C046D2 /* Supporting Files */,
			);
			path = CocardeTests;
			sourceTree = "<group>";
		};
		CEF7C1961AB3791500C046D2 /* Supporting Files */ = {
			isa = PBXGroup;
			children = (
				CEF7C1971AB3791500C046D2 /* Info.plist */,
			);
			name = "Supporting Files";
			sourceTree = "<group>";
		};
		CEF7C1A21AB379E500C046D2 /* Cocarde */ = {
			isa = PBXGroup;
			children = (
				CEF7C1A31AB379E500C046D2 /* CocardeLayer.swift */,
				CEF7C1A41AB379E500C046D2 /* CocardeView.swift */,
				CEF7C1A51AB379E500C046D2 /* DefaultLayer.swift */,
				CEF7C1A61AB379E500C046D2 /* EqualizerLayer.swift */,
				CEF7C1A71AB379E500C046D2 /* PieLayer.swift */,
				CEF7C1A81AB379E500C046D2 /* UIColor.swift */,
			);
			name = Cocarde;
			path = ../Cocarde;
			sourceTree = "<group>";
		};
/* End PBXGroup section */

/* Begin PBXNativeTarget section */
		CEF7C17A1AB3791500C046D2 /* Cocarde */ = {
			isa = PBXNativeTarget;
			buildConfigurationList = CEF7C19C1AB3791500C046D2 /* Build configuration list for PBXNativeTarget "Cocarde" */;
			buildPhases = (
				CEF7C1771AB3791500C046D2 /* Sources */,
				CEF7C1781AB3791500C046D2 /* Frameworks */,
				CEF7C1791AB3791500C046D2 /* Resources */,
			);
			buildRules = (
			);
			dependencies = (
			);
			name = Cocarde;
			productName = Cocarde;
			productReference = CEF7C17B1AB3791500C046D2 /* Cocarde.app */;
			productType = "com.apple.product-type.application";
		};
		CEF7C1911AB3791500C046D2 /* CocardeTests */ = {
			isa = PBXNativeTarget;
			buildConfigurationList = CEF7C19F1AB3791500C046D2 /* Build configuration list for PBXNativeTarget "CocardeTests" */;
			buildPhases = (
				CEF7C18E1AB3791500C046D2 /* Sources */,
				CEF7C18F1AB3791500C046D2 /* Frameworks */,
				CEF7C1901AB3791500C046D2 /* Resources */,
			);
			buildRules = (
			);
			dependencies = (
				CEF7C1941AB3791500C046D2 /* PBXTargetDependency */,
			);
			name = CocardeTests;
			productName = CocardeTests;
			productReference = CEF7C1921AB3791500C046D2 /* CocardeTests.xctest */;
			productType = "com.apple.product-type.bundle.unit-test";
		};
/* End PBXNativeTarget section */

/* Begin PBXProject section */
		CEF7C1731AB3791400C046D2 /* Project object */ = {
			isa = PBXProject;
			attributes = {
				LastUpgradeCheck = 0620;
				ORGANIZATIONNAME = "Yannick Loriot";
				TargetAttributes = {
					CEF7C17A1AB3791500C046D2 = {
						CreatedOnToolsVersion = 6.2;
					};
					CEF7C1911AB3791500C046D2 = {
						CreatedOnToolsVersion = 6.2;
						TestTargetID = CEF7C17A1AB3791500C046D2;
					};
				};
			};
			buildConfigurationList = CEF7C1761AB3791400C046D2 /* Build configuration list for PBXProject "Cocarde" */;
			compatibilityVersion = "Xcode 3.2";
			developmentRegion = English;
			hasScannedForEncodings = 0;
			knownRegions = (
				en,
				Base,
			);
			mainGroup = CEF7C1721AB3791400C046D2;
			productRefGroup = CEF7C17C1AB3791500C046D2 /* Products */;
			projectDirPath = "";
			projectRoot = "";
			targets = (
				CEF7C17A1AB3791500C046D2 /* Cocarde */,
				CEF7C1911AB3791500C046D2 /* CocardeTests */,
			);
		};
/* End PBXProject section */

/* Begin PBXResourcesBuildPhase section */
		CEF7C1791AB3791500C046D2 /* Resources */ = {
			isa = PBXResourcesBuildPhase;
			buildActionMask = 2147483647;
			files = (
				CEF7C1881AB3791500C046D2 /* Main.storyboard in Resources */,
				CEF7C18D1AB3791500C046D2 /* LaunchScreen.xib in Resources */,
				CEF7C18A1AB3791500C046D2 /* Images.xcassets in Resources */,
			);
			runOnlyForDeploymentPostprocessing = 0;
		};
		CEF7C1901AB3791500C046D2 /* Resources */ = {
			isa = PBXResourcesBuildPhase;
			buildActionMask = 2147483647;
			files = (
			);
			runOnlyForDeploymentPostprocessing = 0;
		};
/* End PBXResourcesBuildPhase section */

/* Begin PBXSourcesBuildPhase section */
		CEF7C1771AB3791500C046D2 /* Sources */ = {
			isa = PBXSourcesBuildPhase;
			buildActionMask = 2147483647;
			files = (
				CEF7C1851AB3791500C046D2 /* DetailViewController.swift in Sources */,
				CEF7C1AB1AB379E500C046D2 /* DefaultLayer.swift in Sources */,
				CEF7C1831AB3791500C046D2 /* MasterViewController.swift in Sources */,
				CEF7C1AC1AB379E500C046D2 /* EqualizerLayer.swift in Sources */,
				CEF7C1AE1AB379E500C046D2 /* UIColor.swift in Sources */,
				CEF7C1AD1AB379E500C046D2 /* PieLayer.swift in Sources */,
				CEF7C1AA1AB379E500C046D2 /* CocardeView.swift in Sources */,
				CEF7C1811AB3791500C046D2 /* AppDelegate.swift in Sources */,
				CEF7C1A91AB379E500C046D2 /* CocardeLayer.swift in Sources */,
			);
			runOnlyForDeploymentPostprocessing = 0;
		};
		CEF7C18E1AB3791500C046D2 /* Sources */ = {
			isa = PBXSourcesBuildPhase;
			buildActionMask = 2147483647;
			files = (
				CEF7C1991AB3791500C046D2 /* CocardeTests.swift in Sources */,
			);
			runOnlyForDeploymentPostprocessing = 0;
		};
/* End PBXSourcesBuildPhase section */

/* Begin PBXTargetDependency section */
		CEF7C1941AB3791500C046D2 /* PBXTargetDependency */ = {
			isa = PBXTargetDependency;
			target = CEF7C17A1AB3791500C046D2 /* Cocarde */;
			targetProxy = CEF7C1931AB3791500C046D2 /* PBXContainerItemProxy */;
		};
/* End PBXTargetDependency section */

/* Begin PBXVariantGroup section */
		CEF7C1861AB3791500C046D2 /* Main.storyboard */ = {
			isa = PBXVariantGroup;
			children = (
				CEF7C1871AB3791500C046D2 /* Base */,
			);
			name = Main.storyboard;
			sourceTree = "<group>";
		};
		CEF7C18B1AB3791500C046D2 /* LaunchScreen.xib */ = {
			isa = PBXVariantGroup;
			children = (
				CEF7C18C1AB3791500C046D2 /* Base */,
			);
			name = LaunchScreen.xib;
			sourceTree = "<group>";
		};
/* End PBXVariantGroup section */

/* Begin XCBuildConfiguration section */
		CEF7C19A1AB3791500C046D2 /* Debug */ = {
			isa = XCBuildConfiguration;
			buildSettings = {
				ALWAYS_SEARCH_USER_PATHS = NO;
				CLANG_CXX_LANGUAGE_STANDARD = "gnu++0x";
				CLANG_CXX_LIBRARY = "libc++";
				CLANG_ENABLE_MODULES = YES;
				CLANG_ENABLE_OBJC_ARC = YES;
				CLANG_WARN_BOOL_CONVERSION = YES;
				CLANG_WARN_CONSTANT_CONVERSION = YES;
				CLANG_WARN_DIRECT_OBJC_ISA_USAGE = YES_ERROR;
				CLANG_WARN_EMPTY_BODY = YES;
				CLANG_WARN_ENUM_CONVERSION = YES;
				CLANG_WARN_INT_CONVERSION = YES;
				CLANG_WARN_OBJC_ROOT_CLASS = YES_ERROR;
				CLANG_WARN_UNREACHABLE_CODE = YES;
				CLANG_WARN__DUPLICATE_METHOD_MATCH = YES;
				"CODE_SIGN_IDENTITY[sdk=iphoneos*]" = "iPhone Developer";
				COPY_PHASE_STRIP = NO;
				ENABLE_STRICT_OBJC_MSGSEND = YES;
				GCC_C_LANGUAGE_STANDARD = gnu99;
				GCC_DYNAMIC_NO_PIC = NO;
				GCC_OPTIMIZATION_LEVEL = 0;
				GCC_PREPROCESSOR_DEFINITIONS = (
					"DEBUG=1",
					"$(inherited)",
				);
				GCC_SYMBOLS_PRIVATE_EXTERN = NO;
				GCC_WARN_64_TO_32_BIT_CONVERSION = YES;
				GCC_WARN_ABOUT_RETURN_TYPE = YES_ERROR;
				GCC_WARN_UNDECLARED_SELECTOR = YES;
				GCC_WARN_UNINITIALIZED_AUTOS = YES_AGGRESSIVE;
				GCC_WARN_UNUSED_FUNCTION = YES;
				GCC_WARN_UNUSED_VARIABLE = YES;
				IPHONEOS_DEPLOYMENT_TARGET = 8.2;
				MTL_ENABLE_DEBUG_INFO = YES;
				ONLY_ACTIVE_ARCH = YES;
				SDKROOT = iphoneos;
				SWIFT_OPTIMIZATION_LEVEL = "-Onone";
				TARGETED_DEVICE_FAMILY = "1,2";
			};
			name = Debug;
		};
		CEF7C19B1AB3791500C046D2 /* Release */ = {
			isa = XCBuildConfiguration;
			buildSettings = {
				ALWAYS_SEARCH_USER_PATHS = NO;
				CLANG_CXX_LANGUAGE_STANDARD = "gnu++0x";
				CLANG_CXX_LIBRARY = "libc++";
				CLANG_ENABLE_MODULES = YES;
				CLANG_ENABLE_OBJC_ARC = YES;
				CLANG_WARN_BOOL_CONVERSION = YES;
				CLANG_WARN_CONSTANT_CONVERSION = YES;
				CLANG_WARN_DIRECT_OBJC_ISA_USAGE = YES_ERROR;
				CLANG_WARN_EMPTY_BODY = YES;
				CLANG_WARN_ENUM_CONVERSION = YES;
				CLANG_WARN_INT_CONVERSION = YES;
				CLANG_WARN_OBJC_ROOT_CLASS = YES_ERROR;
				CLANG_WARN_UNREACHABLE_CODE = YES;
				CLANG_WARN__DUPLICATE_METHOD_MATCH = YES;
				"CODE_SIGN_IDENTITY[sdk=iphoneos*]" = "iPhone Developer";
				COPY_PHASE_STRIP = NO;
				ENABLE_NS_ASSERTIONS = NO;
				ENABLE_STRICT_OBJC_MSGSEND = YES;
				GCC_C_LANGUAGE_STANDARD = gnu99;
				GCC_WARN_64_TO_32_BIT_CONVERSION = YES;
				GCC_WARN_ABOUT_RETURN_TYPE = YES_ERROR;
				GCC_WARN_UNDECLARED_SELECTOR = YES;
				GCC_WARN_UNINITIALIZED_AUTOS = YES_AGGRESSIVE;
				GCC_WARN_UNUSED_FUNCTION = YES;
				GCC_WARN_UNUSED_VARIABLE = YES;
				IPHONEOS_DEPLOYMENT_TARGET = 8.2;
				MTL_ENABLE_DEBUG_INFO = NO;
				SDKROOT = iphoneos;
				TARGETED_DEVICE_FAMILY = "1,2";
				VALIDATE_PRODUCT = YES;
			};
			name = Release;
		};
		CEF7C19D1AB3791500C046D2 /* Debug */ = {
			isa = XCBuildConfiguration;
			buildSettings = {
				ASSETCATALOG_COMPILER_APPICON_NAME = AppIcon;
				INFOPLIST_FILE = Cocarde/Info.plist;
				IPHONEOS_DEPLOYMENT_TARGET = 8.0;
				LD_RUNPATH_SEARCH_PATHS = "$(inherited) @executable_path/Frameworks";
				PRODUCT_NAME = "$(TARGET_NAME)";
			};
			name = Debug;
		};
		CEF7C19E1AB3791500C046D2 /* Release */ = {
			isa = XCBuildConfiguration;
			buildSettings = {
				ASSETCATALOG_COMPILER_APPICON_NAME = AppIcon;
				INFOPLIST_FILE = Cocarde/Info.plist;
				IPHONEOS_DEPLOYMENT_TARGET = 8.0;
				LD_RUNPATH_SEARCH_PATHS = "$(inherited) @executable_path/Frameworks";
				PRODUCT_NAME = "$(TARGET_NAME)";
			};
			name = Release;
		};
		CEF7C1A01AB3791500C046D2 /* Debug */ = {
			isa = XCBuildConfiguration;
			buildSettings = {
				BUNDLE_LOADER = "$(TEST_HOST)";
				FRAMEWORK_SEARCH_PATHS = (
					"$(SDKROOT)/Developer/Library/Frameworks",
					"$(inherited)",
				);
				GCC_PREPROCESSOR_DEFINITIONS = (
					"DEBUG=1",
					"$(inherited)",
				);
				INFOPLIST_FILE = CocardeTests/Info.plist;
				LD_RUNPATH_SEARCH_PATHS = "$(inherited) @executable_path/Frameworks @loader_path/Frameworks";
				PRODUCT_NAME = "$(TARGET_NAME)";
				TEST_HOST = "$(BUILT_PRODUCTS_DIR)/Cocarde.app/Cocarde";
			};
			name = Debug;
		};
		CEF7C1A11AB3791500C046D2 /* Release */ = {
			isa = XCBuildConfiguration;
			buildSettings = {
				BUNDLE_LOADER = "$(TEST_HOST)";
				FRAMEWORK_SEARCH_PATHS = (
					"$(SDKROOT)/Developer/Library/Frameworks",
					"$(inherited)",
				);
				INFOPLIST_FILE = CocardeTests/Info.plist;
				LD_RUNPATH_SEARCH_PATHS = "$(inherited) @executable_path/Frameworks @loader_path/Frameworks";
				PRODUCT_NAME = "$(TARGET_NAME)";
				TEST_HOST = "$(BUILT_PRODUCTS_DIR)/Cocarde.app/Cocarde";
			};
			name = Release;
		};
/* End XCBuildConfiguration section */

/* Begin XCConfigurationList section */
		CEF7C1761AB3791400C046D2 /* Build configuration list for PBXProject "Cocarde" */ = {
			isa = XCConfigurationList;
			buildConfigurations = (
				CEF7C19A1AB3791500C046D2 /* Debug */,
				CEF7C19B1AB3791500C046D2 /* Release */,
			);
			defaultConfigurationIsVisible = 0;
			defaultConfigurationName = Release;
		};
		CEF7C19C1AB3791500C046D2 /* Build configuration list for PBXNativeTarget "Cocarde" */ = {
			isa = XCConfigurationList;
			buildConfigurations = (
				CEF7C19D1AB3791500C046D2 /* Debug */,
				CEF7C19E1AB3791500C046D2 /* Release */,
			);
			defaultConfigurationIsVisible = 0;
			defaultConfigurationName = Release;
		};
		CEF7C19F1AB3791500C046D2 /* Build configuration list for PBXNativeTarget "CocardeTests" */ = {
			isa = XCConfigurationList;
			buildConfigurations = (
				CEF7C1A01AB3791500C046D2 /* Debug */,
				CEF7C1A11AB3791500C046D2 /* Release */,
			);
			defaultConfigurationIsVisible = 0;
			defaultConfigurationName = Release;
		};
/* End XCConfigurationList section */
	};
	rootObject = CEF7C1731AB3791400C046D2 /* Project object */;
}
